// !$*UTF8*$!
{
	archiveVersion = 1;
	classes = {
	};
	objectVersion = 52;
	objects = {

/* Begin PBXBuildFile section */
		3416329B2C96DDB66B54C56D /* Pods_engram_WatchKit_App.framework in Frameworks */ = {isa = PBXBuildFile; fileRef = 9AC5F774F8530BDD6CD732AD /* Pods_engram_WatchKit_App.framework */; };
		6620D2CC268F64D700282E2C /* Persistence.swift in Sources */ = {isa = PBXBuildFile; fileRef = 6620D2CB268F64D700282E2C /* Persistence.swift */; };
		6620D2D1268F67BD00282E2C /* CDDailyViewModel.swift in Sources */ = {isa = PBXBuildFile; fileRef = 6620D2D0268F67BD00282E2C /* CDDailyViewModel.swift */; };
		6641569B269A096100B063D5 /* SettingsScreen.swift in Sources */ = {isa = PBXBuildFile; fileRef = 6641569A269A096000B063D5 /* SettingsScreen.swift */; };
		6641569C269A1F5700B063D5 /* LoginScreen.swift in Sources */ = {isa = PBXBuildFile; fileRef = 665D971A267FC65300B4B549 /* LoginScreen.swift */; };
		6641569D269A21D900B063D5 /* LoginViewModel.swift in Sources */ = {isa = PBXBuildFile; fileRef = 665D971D267FC96E00B4B549 /* LoginViewModel.swift */; };
		6641569F269A39DC00B063D5 /* NoteApi.swift in Sources */ = {isa = PBXBuildFile; fileRef = 6641569E269A39DB00B063D5 /* NoteApi.swift */; };
		664156A0269A3ED600B063D5 /* NoteApi.swift in Sources */ = {isa = PBXBuildFile; fileRef = 6641569E269A39DB00B063D5 /* NoteApi.swift */; };
		664156A1269A5BE100B063D5 /* LoginViewModel.swift in Sources */ = {isa = PBXBuildFile; fileRef = 665D971D267FC96E00B4B549 /* LoginViewModel.swift */; };
		664156A2269A60CD00B063D5 /* SettingsScreen.swift in Sources */ = {isa = PBXBuildFile; fileRef = 6641569A269A096000B063D5 /* SettingsScreen.swift */; };
		664156A3269A60D800B063D5 /* LoginScreen.swift in Sources */ = {isa = PBXBuildFile; fileRef = 665D971A267FC65300B4B549 /* LoginScreen.swift */; };
		665D9711267FA08600B4B549 /* Note.swift in Sources */ = {isa = PBXBuildFile; fileRef = 665D970E267F9CFA00B4B549 /* Note.swift */; };
		665D9712267FA08A00B4B549 /* Note.swift in Sources */ = {isa = PBXBuildFile; fileRef = 665D970E267F9CFA00B4B549 /* Note.swift */; };
		665D9717267FA98300B4B549 /* DailyScreen.swift in Sources */ = {isa = PBXBuildFile; fileRef = 665D9716267FA98300B4B549 /* DailyScreen.swift */; };
		666F9D9726A4FEAD007E8796 /* WidgetKit.framework in Frameworks */ = {isa = PBXBuildFile; fileRef = 666F9D9626A4FEAD007E8796 /* WidgetKit.framework */; platformFilter = maccatalyst; };
		666F9D9926A4FEAD007E8796 /* SwiftUI.framework in Frameworks */ = {isa = PBXBuildFile; fileRef = 666F9D9826A4FEAD007E8796 /* SwiftUI.framework */; platformFilter = maccatalyst; };
		666F9D9C26A4FEAD007E8796 /* widget.swift in Sources */ = {isa = PBXBuildFile; fileRef = 666F9D9B26A4FEAD007E8796 /* widget.swift */; };
		666F9D9F26A4FEB0007E8796 /* Assets.xcassets in Resources */ = {isa = PBXBuildFile; fileRef = 666F9D9E26A4FEB0007E8796 /* Assets.xcassets */; };
		666F9DA126A4FEB0007E8796 /* widget.intentdefinition in Sources */ = {isa = PBXBuildFile; fileRef = 666F9D9D26A4FEAD007E8796 /* widget.intentdefinition */; };
		666F9DA226A4FEB0007E8796 /* widget.intentdefinition in Sources */ = {isa = PBXBuildFile; fileRef = 666F9D9D26A4FEAD007E8796 /* widget.intentdefinition */; };
		666F9DA526A4FEB0007E8796 /* widgetExtension.appex in Embed App Extensions */ = {isa = PBXBuildFile; fileRef = 666F9D9526A4FEAD007E8796 /* widgetExtension.appex */; settings = {ATTRIBUTES = (RemoveHeadersOnCopy, ); }; };
		666F9DAB26A50C2B007E8796 /* AppGroup.swift in Sources */ = {isa = PBXBuildFile; fileRef = 666F9DAA26A50C2B007E8796 /* AppGroup.swift */; };
		666F9DAC26A50CEC007E8796 /* AppGroup.swift in Sources */ = {isa = PBXBuildFile; fileRef = 666F9DAA26A50C2B007E8796 /* AppGroup.swift */; };
		666F9DAD26A50CED007E8796 /* AppGroup.swift in Sources */ = {isa = PBXBuildFile; fileRef = 666F9DAA26A50C2B007E8796 /* AppGroup.swift */; };
		666F9DAF26A50DF2007E8796 /* engram.xcdatamodeld in Sources */ = {isa = PBXBuildFile; fileRef = 66BD394E26935F4C0073D52D /* engram.xcdatamodeld */; };
		666F9DB026A50E12007E8796 /* Persistence.swift in Sources */ = {isa = PBXBuildFile; fileRef = 6620D2CB268F64D700282E2C /* Persistence.swift */; };
		666F9DB126A50E1E007E8796 /* Note.swift in Sources */ = {isa = PBXBuildFile; fileRef = 665D970E267F9CFA00B4B549 /* Note.swift */; };
		6689D59626840CD200F5DD2B /* MainView.swift in Sources */ = {isa = PBXBuildFile; fileRef = 6689D59526840CD200F5DD2B /* MainView.swift */; };
		66ABEA6126589C6F006C9FD5 /* engramApp.swift in Sources */ = {isa = PBXBuildFile; fileRef = 66ABEA6026589C6F006C9FD5 /* engramApp.swift */; };
		66ABEA6326589C6F006C9FD5 /* ContentView.swift in Sources */ = {isa = PBXBuildFile; fileRef = 66ABEA6226589C6F006C9FD5 /* ContentView.swift */; };
		66ABEA6826589C72006C9FD5 /* Preview Assets.xcassets in Resources */ = {isa = PBXBuildFile; fileRef = 66ABEA6726589C72006C9FD5 /* Preview Assets.xcassets */; };
		66ABEA6D26589C72006C9FD5 /* engram WatchKit App.app in Embed Watch Content */ = {isa = PBXBuildFile; fileRef = 66ABEA6C26589C72006C9FD5 /* engram WatchKit App.app */; platformFilter = ios; settings = {ATTRIBUTES = (RemoveHeadersOnCopy, ); }; };
		66ABEA7226589C73006C9FD5 /* Assets.xcassets in Resources */ = {isa = PBXBuildFile; fileRef = 66ABEA7126589C73006C9FD5 /* Assets.xcassets */; };
		66ABEA7926589C73006C9FD5 /* engram WatchKit Extension.appex in Embed App Extensions */ = {isa = PBXBuildFile; fileRef = 66ABEA7826589C73006C9FD5 /* engram WatchKit Extension.appex */; settings = {ATTRIBUTES = (RemoveHeadersOnCopy, ); }; };
		66ABEA7E26589C73006C9FD5 /* engramApp.swift in Sources */ = {isa = PBXBuildFile; fileRef = 66ABEA7D26589C73006C9FD5 /* engramApp.swift */; };
		66ABEA8026589C73006C9FD5 /* ContentView.swift in Sources */ = {isa = PBXBuildFile; fileRef = 66ABEA7F26589C73006C9FD5 /* ContentView.swift */; };
		66ABEA8226589C73006C9FD5 /* NotificationController.swift in Sources */ = {isa = PBXBuildFile; fileRef = 66ABEA8126589C73006C9FD5 /* NotificationController.swift */; };
		66ABEA8426589C73006C9FD5 /* NotificationView.swift in Sources */ = {isa = PBXBuildFile; fileRef = 66ABEA8326589C73006C9FD5 /* NotificationView.swift */; };
		66ABEA8626589C73006C9FD5 /* ComplicationController.swift in Sources */ = {isa = PBXBuildFile; fileRef = 66ABEA8526589C73006C9FD5 /* ComplicationController.swift */; };
		66ABEA8826589C74006C9FD5 /* Assets.xcassets in Resources */ = {isa = PBXBuildFile; fileRef = 66ABEA8726589C74006C9FD5 /* Assets.xcassets */; };
		66ABEA8B26589C74006C9FD5 /* Preview Assets.xcassets in Resources */ = {isa = PBXBuildFile; fileRef = 66ABEA8A26589C74006C9FD5 /* Preview Assets.xcassets */; };
		66BD395026935F4C0073D52D /* engram.xcdatamodeld in Sources */ = {isa = PBXBuildFile; fileRef = 66BD394E26935F4C0073D52D /* engram.xcdatamodeld */; };
		66BD3951269374740073D52D /* CDDailyViewModel.swift in Sources */ = {isa = PBXBuildFile; fileRef = 6620D2D0268F67BD00282E2C /* CDDailyViewModel.swift */; };
		66BD3952269374BD0073D52D /* Persistence.swift in Sources */ = {isa = PBXBuildFile; fileRef = 6620D2CB268F64D700282E2C /* Persistence.swift */; };
		66BD3953269374CB0073D52D /* engram.xcdatamodeld in Sources */ = {isa = PBXBuildFile; fileRef = 66BD394E26935F4C0073D52D /* engram.xcdatamodeld */; };
		66E5911F2658A58600E38067 /* NoteListItem.swift in Sources */ = {isa = PBXBuildFile; fileRef = 66E5911E2658A58600E38067 /* NoteListItem.swift */; };
		66E591212658C30F00E38067 /* NoteListView.swift in Sources */ = {isa = PBXBuildFile; fileRef = 66E591202658C30F00E38067 /* NoteListView.swift */; };
		66E591252659787C00E38067 /* CloudKit.framework in Frameworks */ = {isa = PBXBuildFile; fileRef = 66E591242659787C00E38067 /* CloudKit.framework */; };
		66E591282659788A00E38067 /* CloudKit.framework in Frameworks */ = {isa = PBXBuildFile; fileRef = 66E591272659788A00E38067 /* CloudKit.framework */; };
		66E59156265999BD00E38067 /* Assets.xcassets in Resources */ = {isa = PBXBuildFile; fileRef = 66E59155265999BD00E38067 /* Assets.xcassets */; };
		66E59157265999BD00E38067 /* Assets.xcassets in Resources */ = {isa = PBXBuildFile; fileRef = 66E59155265999BD00E38067 /* Assets.xcassets */; };
		66E59158265999BD00E38067 /* Assets.xcassets in Resources */ = {isa = PBXBuildFile; fileRef = 66E59155265999BD00E38067 /* Assets.xcassets */; };
		66E5915A2659A23D00E38067 /* CheckboxToggleStyle.swift in Sources */ = {isa = PBXBuildFile; fileRef = 66E591592659A23C00E38067 /* CheckboxToggleStyle.swift */; };
		66E5915B2659A23D00E38067 /* CheckboxToggleStyle.swift in Sources */ = {isa = PBXBuildFile; fileRef = 66E591592659A23C00E38067 /* CheckboxToggleStyle.swift */; };
		66E59163265B2B7700E38067 /* ComplicationViews.swift in Sources */ = {isa = PBXBuildFile; fileRef = 66E59162265B2B7700E38067 /* ComplicationViews.swift */; };
		66F9768126B6DED4008E78B7 /* ShareViewController.swift in Sources */ = {isa = PBXBuildFile; fileRef = 66855150268116D000086094 /* ShareViewController.swift */; };
		66F9768926B6DF45008E78B7 /* ShareViewController.swift in Sources */ = {isa = PBXBuildFile; fileRef = 66F9768826B6DF45008E78B7 /* ShareViewController.swift */; };
		66F9768C26B6DF45008E78B7 /* MainInterface.storyboard in Resources */ = {isa = PBXBuildFile; fileRef = 66F9768A26B6DF45008E78B7 /* MainInterface.storyboard */; };
		66F9769026B6DF45008E78B7 /* Send to engram.appex in Embed App Extensions */ = {isa = PBXBuildFile; fileRef = 66F9768626B6DF44008E78B7 /* Send to engram.appex */; settings = {ATTRIBUTES = (RemoveHeadersOnCopy, ); }; };
		66F9769426B6DF86008E78B7 /* Persistence.swift in Sources */ = {isa = PBXBuildFile; fileRef = 6620D2CB268F64D700282E2C /* Persistence.swift */; };
		66F9769526B6DFBF008E78B7 /* AppGroup.swift in Sources */ = {isa = PBXBuildFile; fileRef = 666F9DAA26A50C2B007E8796 /* AppGroup.swift */; };
		66F9769626B6DFC9008E78B7 /* engram.xcdatamodeld in Sources */ = {isa = PBXBuildFile; fileRef = 66BD394E26935F4C0073D52D /* engram.xcdatamodeld */; };
		66F9769726B6E0AA008E78B7 /* NoteApi.swift in Sources */ = {isa = PBXBuildFile; fileRef = 6641569E269A39DB00B063D5 /* NoteApi.swift */; };
		66F9769826B6E0B0008E78B7 /* LoginViewModel.swift in Sources */ = {isa = PBXBuildFile; fileRef = 665D971D267FC96E00B4B549 /* LoginViewModel.swift */; };
		66F9769926B6E11D008E78B7 /* Note.swift in Sources */ = {isa = PBXBuildFile; fileRef = 665D970E267F9CFA00B4B549 /* Note.swift */; };
		66FC799B26816046005AE4DD /* DailyView.swift in Sources */ = {isa = PBXBuildFile; fileRef = 66FC799A26816046005AE4DD /* DailyView.swift */; };
		8E66BE55422F6D5A7419CCA1 /* Pods_engram_WatchKit_Extension.framework in Frameworks */ = {isa = PBXBuildFile; fileRef = 93B26201B82098AA16082343 /* Pods_engram_WatchKit_Extension.framework */; };
		AB75311D22C6B5E25687B871 /* Pods_Send_to_engram.framework in Frameworks */ = {isa = PBXBuildFile; fileRef = D1539DBDEB50300C1C098363 /* Pods_Send_to_engram.framework */; };
		E753DF5463FBCBFCAD4387C4 /* Pods_engram.framework in Frameworks */ = {isa = PBXBuildFile; fileRef = 90B7F836578CD2E385E4E26C /* Pods_engram.framework */; };
/* End PBXBuildFile section */

/* Begin PBXContainerItemProxy section */
		666F9DA326A4FEB0007E8796 /* PBXContainerItemProxy */ = {
			isa = PBXContainerItemProxy;
			containerPortal = 66ABEA5526589C6E006C9FD5 /* Project object */;
			proxyType = 1;
			remoteGlobalIDString = 666F9D9426A4FEAD007E8796;
			remoteInfo = widgetExtension;
		};
		66ABEA6E26589C72006C9FD5 /* PBXContainerItemProxy */ = {
			isa = PBXContainerItemProxy;
			containerPortal = 66ABEA5526589C6E006C9FD5 /* Project object */;
			proxyType = 1;
			remoteGlobalIDString = 66ABEA6B26589C72006C9FD5;
			remoteInfo = "engram WatchKit App";
		};
		66ABEA7A26589C73006C9FD5 /* PBXContainerItemProxy */ = {
			isa = PBXContainerItemProxy;
			containerPortal = 66ABEA5526589C6E006C9FD5 /* Project object */;
			proxyType = 1;
			remoteGlobalIDString = 66ABEA7726589C73006C9FD5;
			remoteInfo = "engram WatchKit Extension";
		};
		66F9768E26B6DF45008E78B7 /* PBXContainerItemProxy */ = {
			isa = PBXContainerItemProxy;
			containerPortal = 66ABEA5526589C6E006C9FD5 /* Project object */;
			proxyType = 1;
			remoteGlobalIDString = 66F9768526B6DF44008E78B7;
			remoteInfo = "Send to engram";
		};
/* End PBXContainerItemProxy section */

/* Begin PBXCopyFilesBuildPhase section */
		6685515D268116D000086094 /* Embed App Extensions */ = {
			isa = PBXCopyFilesBuildPhase;
			buildActionMask = 2147483647;
			dstPath = "";
			dstSubfolderSpec = 13;
			files = (
				666F9DA526A4FEB0007E8796 /* widgetExtension.appex in Embed App Extensions */,
				66F9769026B6DF45008E78B7 /* Send to engram.appex in Embed App Extensions */,
			);
			name = "Embed App Extensions";
			runOnlyForDeploymentPostprocessing = 0;
		};
		66ABEA9326589C74006C9FD5 /* Embed App Extensions */ = {
			isa = PBXCopyFilesBuildPhase;
			buildActionMask = 2147483647;
			dstPath = "";
			dstSubfolderSpec = 13;
			files = (
				66ABEA7926589C73006C9FD5 /* engram WatchKit Extension.appex in Embed App Extensions */,
			);
			name = "Embed App Extensions";
			runOnlyForDeploymentPostprocessing = 0;
		};
		66ABEA9726589C74006C9FD5 /* Embed Watch Content */ = {
			isa = PBXCopyFilesBuildPhase;
			buildActionMask = 2147483647;
			dstPath = "$(CONTENTS_FOLDER_PATH)/Watch";
			dstSubfolderSpec = 16;
			files = (
				66ABEA6D26589C72006C9FD5 /* engram WatchKit App.app in Embed Watch Content */,
			);
			name = "Embed Watch Content";
			runOnlyForDeploymentPostprocessing = 0;
		};
/* End PBXCopyFilesBuildPhase section */

/* Begin PBXFileReference section */
		0E8CFF9F882DA1E721F420C1 /* Pods-engram.release.xcconfig */ = {isa = PBXFileReference; includeInIndex = 1; lastKnownFileType = text.xcconfig; name = "Pods-engram.release.xcconfig"; path = "Target Support Files/Pods-engram/Pods-engram.release.xcconfig"; sourceTree = "<group>"; };
		13320BA5F47EDA434C2EB695 /* Pods-engram WatchKit Extension.release.xcconfig */ = {isa = PBXFileReference; includeInIndex = 1; lastKnownFileType = text.xcconfig; name = "Pods-engram WatchKit Extension.release.xcconfig"; path = "Target Support Files/Pods-engram WatchKit Extension/Pods-engram WatchKit Extension.release.xcconfig"; sourceTree = "<group>"; };
		2A476A73C5E2A8B1C1B9C314 /* Pods-Send to engram.release.xcconfig */ = {isa = PBXFileReference; includeInIndex = 1; lastKnownFileType = text.xcconfig; name = "Pods-Send to engram.release.xcconfig"; path = "Target Support Files/Pods-Send to engram/Pods-Send to engram.release.xcconfig"; sourceTree = "<group>"; };
		2E0FEBD4E443EF56A52688BE /* Pods-Send to engram.debug.xcconfig */ = {isa = PBXFileReference; includeInIndex = 1; lastKnownFileType = text.xcconfig; name = "Pods-Send to engram.debug.xcconfig"; path = "Target Support Files/Pods-Send to engram/Pods-Send to engram.debug.xcconfig"; sourceTree = "<group>"; };
		660120EB26811B2200D7D4ED /* engram WatchKit Extension.entitlements */ = {isa = PBXFileReference; lastKnownFileType = text.plist.entitlements; path = "engram WatchKit Extension.entitlements"; sourceTree = "<group>"; };
		660120EC268122E000D7D4ED /* LoginView.swift */ = {isa = PBXFileReference; lastKnownFileType = sourcecode.swift; path = LoginView.swift; sourceTree = "<group>"; };
		6620D2CB268F64D700282E2C /* Persistence.swift */ = {isa = PBXFileReference; lastKnownFileType = sourcecode.swift; path = Persistence.swift; sourceTree = "<group>"; };
		6620D2D0268F67BD00282E2C /* CDDailyViewModel.swift */ = {isa = PBXFileReference; lastKnownFileType = sourcecode.swift; path = CDDailyViewModel.swift; sourceTree = "<group>"; };
		6641569A269A096000B063D5 /* SettingsScreen.swift */ = {isa = PBXFileReference; lastKnownFileType = sourcecode.swift; path = SettingsScreen.swift; sourceTree = "<group>"; };
		6641569E269A39DB00B063D5 /* NoteApi.swift */ = {isa = PBXFileReference; lastKnownFileType = sourcecode.swift; path = NoteApi.swift; sourceTree = "<group>"; };
		6654B6DF2681561500E590DC /* engram WatchKit App.entitlements */ = {isa = PBXFileReference; lastKnownFileType = text.plist.entitlements; path = "engram WatchKit App.entitlements"; sourceTree = "<group>"; };
		665D970E267F9CFA00B4B549 /* Note.swift */ = {isa = PBXFileReference; lastKnownFileType = sourcecode.swift; path = Note.swift; sourceTree = "<group>"; };
		665D9713267FA24D00B4B549 /* DailyViewModel.swift */ = {isa = PBXFileReference; lastKnownFileType = sourcecode.swift; path = DailyViewModel.swift; sourceTree = "<group>"; };
		665D9716267FA98300B4B549 /* DailyScreen.swift */ = {isa = PBXFileReference; lastKnownFileType = sourcecode.swift; path = DailyScreen.swift; sourceTree = "<group>"; };
		665D971A267FC65300B4B549 /* LoginScreen.swift */ = {isa = PBXFileReference; lastKnownFileType = sourcecode.swift; path = LoginScreen.swift; sourceTree = "<group>"; };
		665D971D267FC96E00B4B549 /* LoginViewModel.swift */ = {isa = PBXFileReference; lastKnownFileType = sourcecode.swift; path = LoginViewModel.swift; sourceTree = "<group>"; };
		666DB8A72686C6E5008DD7BC /* CKDailyViewModel.swift */ = {isa = PBXFileReference; lastKnownFileType = sourcecode.swift; path = CKDailyViewModel.swift; sourceTree = "<group>"; };
		666F9D9526A4FEAD007E8796 /* widgetExtension.appex */ = {isa = PBXFileReference; explicitFileType = "wrapper.app-extension"; includeInIndex = 0; path = widgetExtension.appex; sourceTree = BUILT_PRODUCTS_DIR; };
		666F9D9626A4FEAD007E8796 /* WidgetKit.framework */ = {isa = PBXFileReference; lastKnownFileType = wrapper.framework; name = WidgetKit.framework; path = System/Library/Frameworks/WidgetKit.framework; sourceTree = SDKROOT; };
		666F9D9826A4FEAD007E8796 /* SwiftUI.framework */ = {isa = PBXFileReference; lastKnownFileType = wrapper.framework; name = SwiftUI.framework; path = System/Library/Frameworks/SwiftUI.framework; sourceTree = SDKROOT; };
		666F9D9B26A4FEAD007E8796 /* widget.swift */ = {isa = PBXFileReference; lastKnownFileType = sourcecode.swift; path = widget.swift; sourceTree = "<group>"; };
		666F9D9D26A4FEAD007E8796 /* widget.intentdefinition */ = {isa = PBXFileReference; lastKnownFileType = file.intentdefinition; path = widget.intentdefinition; sourceTree = "<group>"; };
		666F9D9E26A4FEB0007E8796 /* Assets.xcassets */ = {isa = PBXFileReference; lastKnownFileType = folder.assetcatalog; path = Assets.xcassets; sourceTree = "<group>"; };
		666F9DA026A4FEB0007E8796 /* Info.plist */ = {isa = PBXFileReference; lastKnownFileType = text.plist.xml; path = Info.plist; sourceTree = "<group>"; };
		666F9DA626A4FEB0007E8796 /* widgetExtension.entitlements */ = {isa = PBXFileReference; lastKnownFileType = text.plist.entitlements; path = widgetExtension.entitlements; sourceTree = "<group>"; };
		666F9DAA26A50C2B007E8796 /* AppGroup.swift */ = {isa = PBXFileReference; lastKnownFileType = sourcecode.swift; path = AppGroup.swift; sourceTree = "<group>"; };
		66855150268116D000086094 /* ShareViewController.swift */ = {isa = PBXFileReference; lastKnownFileType = sourcecode.swift; path = ShareViewController.swift; sourceTree = "<group>"; };
		66855153268116D000086094 /* Base */ = {isa = PBXFileReference; lastKnownFileType = file.storyboard; name = Base; path = Base.lproj/MainInterface.storyboard; sourceTree = "<group>"; };
		66855155268116D000086094 /* Info.plist */ = {isa = PBXFileReference; lastKnownFileType = text.plist.xml; path = Info.plist; sourceTree = "<group>"; };
		66855159268116D000086094 /* Send to engram.entitlements */ = {isa = PBXFileReference; lastKnownFileType = text.plist.entitlements; path = "Send to engram.entitlements"; sourceTree = "<group>"; };
		6689D59526840CD200F5DD2B /* MainView.swift */ = {isa = PBXFileReference; lastKnownFileType = sourcecode.swift; path = MainView.swift; sourceTree = "<group>"; };
		66ABEA5D26589C6F006C9FD5 /* engram.app */ = {isa = PBXFileReference; explicitFileType = wrapper.application; includeInIndex = 0; path = engram.app; sourceTree = BUILT_PRODUCTS_DIR; };
		66ABEA6026589C6F006C9FD5 /* engramApp.swift */ = {isa = PBXFileReference; lastKnownFileType = sourcecode.swift; path = engramApp.swift; sourceTree = "<group>"; };
		66ABEA6226589C6F006C9FD5 /* ContentView.swift */ = {isa = PBXFileReference; lastKnownFileType = sourcecode.swift; path = ContentView.swift; sourceTree = "<group>"; };
		66ABEA6726589C72006C9FD5 /* Preview Assets.xcassets */ = {isa = PBXFileReference; lastKnownFileType = folder.assetcatalog; path = "Preview Assets.xcassets"; sourceTree = "<group>"; };
		66ABEA6926589C72006C9FD5 /* Info.plist */ = {isa = PBXFileReference; lastKnownFileType = text.plist.xml; path = Info.plist; sourceTree = "<group>"; };
		66ABEA6C26589C72006C9FD5 /* engram WatchKit App.app */ = {isa = PBXFileReference; explicitFileType = wrapper.application; includeInIndex = 0; path = "engram WatchKit App.app"; sourceTree = BUILT_PRODUCTS_DIR; };
		66ABEA7126589C73006C9FD5 /* Assets.xcassets */ = {isa = PBXFileReference; lastKnownFileType = folder.assetcatalog; path = Assets.xcassets; sourceTree = "<group>"; };
		66ABEA7326589C73006C9FD5 /* Info.plist */ = {isa = PBXFileReference; lastKnownFileType = text.plist.xml; path = Info.plist; sourceTree = "<group>"; };
		66ABEA7826589C73006C9FD5 /* engram WatchKit Extension.appex */ = {isa = PBXFileReference; explicitFileType = "wrapper.app-extension"; includeInIndex = 0; path = "engram WatchKit Extension.appex"; sourceTree = BUILT_PRODUCTS_DIR; };
		66ABEA7D26589C73006C9FD5 /* engramApp.swift */ = {isa = PBXFileReference; lastKnownFileType = sourcecode.swift; path = engramApp.swift; sourceTree = "<group>"; };
		66ABEA7F26589C73006C9FD5 /* ContentView.swift */ = {isa = PBXFileReference; lastKnownFileType = sourcecode.swift; path = ContentView.swift; sourceTree = "<group>"; };
		66ABEA8126589C73006C9FD5 /* NotificationController.swift */ = {isa = PBXFileReference; lastKnownFileType = sourcecode.swift; path = NotificationController.swift; sourceTree = "<group>"; };
		66ABEA8326589C73006C9FD5 /* NotificationView.swift */ = {isa = PBXFileReference; lastKnownFileType = sourcecode.swift; path = NotificationView.swift; sourceTree = "<group>"; };
		66ABEA8526589C73006C9FD5 /* ComplicationController.swift */ = {isa = PBXFileReference; lastKnownFileType = sourcecode.swift; path = ComplicationController.swift; sourceTree = "<group>"; };
		66ABEA8726589C74006C9FD5 /* Assets.xcassets */ = {isa = PBXFileReference; lastKnownFileType = folder.assetcatalog; path = Assets.xcassets; sourceTree = "<group>"; };
		66ABEA8A26589C74006C9FD5 /* Preview Assets.xcassets */ = {isa = PBXFileReference; lastKnownFileType = folder.assetcatalog; path = "Preview Assets.xcassets"; sourceTree = "<group>"; };
		66ABEA8C26589C74006C9FD5 /* Info.plist */ = {isa = PBXFileReference; lastKnownFileType = text.plist.xml; path = Info.plist; sourceTree = "<group>"; };
		66ABEA8D26589C74006C9FD5 /* PushNotificationPayload.apns */ = {isa = PBXFileReference; lastKnownFileType = text; path = PushNotificationPayload.apns; sourceTree = "<group>"; };
		66BD394F26935F4C0073D52D /* Model.xcdatamodel */ = {isa = PBXFileReference; lastKnownFileType = wrapper.xcdatamodel; path = Model.xcdatamodel; sourceTree = "<group>"; };
		66E5911E2658A58600E38067 /* NoteListItem.swift */ = {isa = PBXFileReference; lastKnownFileType = sourcecode.swift; path = NoteListItem.swift; sourceTree = "<group>"; };
		66E591202658C30F00E38067 /* NoteListView.swift */ = {isa = PBXFileReference; lastKnownFileType = sourcecode.swift; path = NoteListView.swift; sourceTree = "<group>"; };
		66E591222659787900E38067 /* engram WatchKit ExtensionDebug.entitlements */ = {isa = PBXFileReference; lastKnownFileType = text.plist.entitlements; path = "engram WatchKit ExtensionDebug.entitlements"; sourceTree = "<group>"; };
		66E591242659787C00E38067 /* CloudKit.framework */ = {isa = PBXFileReference; lastKnownFileType = wrapper.framework; name = CloudKit.framework; path = Platforms/WatchOS.platform/Developer/SDKs/WatchOS7.4.sdk/System/Library/Frameworks/CloudKit.framework; sourceTree = DEVELOPER_DIR; };
		66E591272659788A00E38067 /* CloudKit.framework */ = {isa = PBXFileReference; lastKnownFileType = wrapper.framework; name = CloudKit.framework; path = Platforms/iPhoneOS.platform/Developer/SDKs/iPhoneOS14.5.sdk/System/Library/Frameworks/CloudKit.framework; sourceTree = DEVELOPER_DIR; };
		66E5915426598B0C00E38067 /* engram.entitlements */ = {isa = PBXFileReference; lastKnownFileType = text.plist.entitlements; path = engram.entitlements; sourceTree = "<group>"; };
		66E59155265999BD00E38067 /* Assets.xcassets */ = {isa = PBXFileReference; lastKnownFileType = folder.assetcatalog; path = Assets.xcassets; sourceTree = "<group>"; };
		66E591592659A23C00E38067 /* CheckboxToggleStyle.swift */ = {isa = PBXFileReference; lastKnownFileType = sourcecode.swift; path = CheckboxToggleStyle.swift; sourceTree = "<group>"; };
		66E59162265B2B7700E38067 /* ComplicationViews.swift */ = {isa = PBXFileReference; lastKnownFileType = sourcecode.swift; path = ComplicationViews.swift; sourceTree = "<group>"; };
		66F0709E266019CB006E767B /* engramDebug.entitlements */ = {isa = PBXFileReference; fileEncoding = 4; lastKnownFileType = text.plist.entitlements; path = engramDebug.entitlements; sourceTree = "<group>"; };
		66F9768626B6DF44008E78B7 /* Send to engram.appex */ = {isa = PBXFileReference; explicitFileType = "wrapper.app-extension"; includeInIndex = 0; path = "Send to engram.appex"; sourceTree = BUILT_PRODUCTS_DIR; };
		66F9768826B6DF45008E78B7 /* ShareViewController.swift */ = {isa = PBXFileReference; lastKnownFileType = sourcecode.swift; path = ShareViewController.swift; sourceTree = "<group>"; };
		66F9768B26B6DF45008E78B7 /* Base */ = {isa = PBXFileReference; lastKnownFileType = file.storyboard; name = Base; path = Base.lproj/MainInterface.storyboard; sourceTree = "<group>"; };
		66F9768D26B6DF45008E78B7 /* Info.plist */ = {isa = PBXFileReference; lastKnownFileType = text.plist.xml; path = Info.plist; sourceTree = "<group>"; };
		66FC799A26816046005AE4DD /* DailyView.swift */ = {isa = PBXFileReference; lastKnownFileType = sourcecode.swift; path = DailyView.swift; sourceTree = "<group>"; };
		7139AB58E4B13D003DE6CBEA /* Pods-engram WatchKit App.release.xcconfig */ = {isa = PBXFileReference; includeInIndex = 1; lastKnownFileType = text.xcconfig; name = "Pods-engram WatchKit App.release.xcconfig"; path = "Target Support Files/Pods-engram WatchKit App/Pods-engram WatchKit App.release.xcconfig"; sourceTree = "<group>"; };
		90B7F836578CD2E385E4E26C /* Pods_engram.framework */ = {isa = PBXFileReference; explicitFileType = wrapper.framework; includeInIndex = 0; path = Pods_engram.framework; sourceTree = BUILT_PRODUCTS_DIR; };
		93B26201B82098AA16082343 /* Pods_engram_WatchKit_Extension.framework */ = {isa = PBXFileReference; explicitFileType = wrapper.framework; includeInIndex = 0; path = Pods_engram_WatchKit_Extension.framework; sourceTree = BUILT_PRODUCTS_DIR; };
		9AC5F774F8530BDD6CD732AD /* Pods_engram_WatchKit_App.framework */ = {isa = PBXFileReference; explicitFileType = wrapper.framework; includeInIndex = 0; path = Pods_engram_WatchKit_App.framework; sourceTree = BUILT_PRODUCTS_DIR; };
		C2AB2A7231E056C72126EF27 /* Pods-engram WatchKit Extension.debug.xcconfig */ = {isa = PBXFileReference; includeInIndex = 1; lastKnownFileType = text.xcconfig; name = "Pods-engram WatchKit Extension.debug.xcconfig"; path = "Target Support Files/Pods-engram WatchKit Extension/Pods-engram WatchKit Extension.debug.xcconfig"; sourceTree = "<group>"; };
		C8220EC11461B4023E365790 /* Pods-engram.debug.xcconfig */ = {isa = PBXFileReference; includeInIndex = 1; lastKnownFileType = text.xcconfig; name = "Pods-engram.debug.xcconfig"; path = "Target Support Files/Pods-engram/Pods-engram.debug.xcconfig"; sourceTree = "<group>"; };
		D1539DBDEB50300C1C098363 /* Pods_Send_to_engram.framework */ = {isa = PBXFileReference; explicitFileType = wrapper.framework; includeInIndex = 0; path = Pods_Send_to_engram.framework; sourceTree = BUILT_PRODUCTS_DIR; };
		E06D2128427F86E1B91CD3B8 /* Pods-engram WatchKit App.debug.xcconfig */ = {isa = PBXFileReference; includeInIndex = 1; lastKnownFileType = text.xcconfig; name = "Pods-engram WatchKit App.debug.xcconfig"; path = "Target Support Files/Pods-engram WatchKit App/Pods-engram WatchKit App.debug.xcconfig"; sourceTree = "<group>"; };
/* End PBXFileReference section */

/* Begin PBXFrameworksBuildPhase section */
		3D6528C9713F2F2CB79DF208 /* Frameworks */ = {
			isa = PBXFrameworksBuildPhase;
			buildActionMask = 2147483647;
			files = (
				3416329B2C96DDB66B54C56D /* Pods_engram_WatchKit_App.framework in Frameworks */,
			);
			runOnlyForDeploymentPostprocessing = 0;
		};
		666F9D9226A4FEAD007E8796 /* Frameworks */ = {
			isa = PBXFrameworksBuildPhase;
			buildActionMask = 2147483647;
			files = (
				666F9D9926A4FEAD007E8796 /* SwiftUI.framework in Frameworks */,
				666F9D9726A4FEAD007E8796 /* WidgetKit.framework in Frameworks */,
			);
			runOnlyForDeploymentPostprocessing = 0;
		};
		66ABEA5A26589C6F006C9FD5 /* Frameworks */ = {
			isa = PBXFrameworksBuildPhase;
			buildActionMask = 2147483647;
			files = (
				66E591282659788A00E38067 /* CloudKit.framework in Frameworks */,
				E753DF5463FBCBFCAD4387C4 /* Pods_engram.framework in Frameworks */,
			);
			runOnlyForDeploymentPostprocessing = 0;
		};
		66ABEA7526589C73006C9FD5 /* Frameworks */ = {
			isa = PBXFrameworksBuildPhase;
			buildActionMask = 2147483647;
			files = (
				66E591252659787C00E38067 /* CloudKit.framework in Frameworks */,
				8E66BE55422F6D5A7419CCA1 /* Pods_engram_WatchKit_Extension.framework in Frameworks */,
			);
			runOnlyForDeploymentPostprocessing = 0;
		};
		66F9768326B6DF44008E78B7 /* Frameworks */ = {
			isa = PBXFrameworksBuildPhase;
			buildActionMask = 2147483647;
			files = (
				AB75311D22C6B5E25687B871 /* Pods_Send_to_engram.framework in Frameworks */,
			);
			runOnlyForDeploymentPostprocessing = 0;
		};
/* End PBXFrameworksBuildPhase section */

/* Begin PBXGroup section */
		666F9D9A26A4FEAD007E8796 /* widget */ = {
			isa = PBXGroup;
			children = (
				666F9D9B26A4FEAD007E8796 /* widget.swift */,
				666F9D9D26A4FEAD007E8796 /* widget.intentdefinition */,
				666F9D9E26A4FEB0007E8796 /* Assets.xcassets */,
				666F9DA026A4FEB0007E8796 /* Info.plist */,
			);
			path = widget;
			sourceTree = "<group>";
		};
		6685514F268116D000086094 /* Send to engram */ = {
			isa = PBXGroup;
			children = (
				66855159268116D000086094 /* Send to engram.entitlements */,
				66855150268116D000086094 /* ShareViewController.swift */,
				66855152268116D000086094 /* MainInterface.storyboard */,
				66855155268116D000086094 /* Info.plist */,
			);
			path = "Send to engram";
			sourceTree = "<group>";
		};
		66ABEA5426589C6E006C9FD5 = {
			isa = PBXGroup;
			children = (
				666F9DA626A4FEB0007E8796 /* widgetExtension.entitlements */,
				66ABEA5F26589C6F006C9FD5 /* engram */,
				66ABEA7026589C72006C9FD5 /* engram WatchKit App */,
				66ABEA7C26589C73006C9FD5 /* engram WatchKit Extension */,
				6685514F268116D000086094 /* Send to engram */,
				666F9D9A26A4FEAD007E8796 /* widget */,
				66F9768726B6DF45008E78B7 /* Send to engram */,
				66ABEA5E26589C6F006C9FD5 /* Products */,
				66E591232659787C00E38067 /* Frameworks */,
				D2734189A952296D8B08FD80 /* Pods */,
			);
			sourceTree = "<group>";
		};
		66ABEA5E26589C6F006C9FD5 /* Products */ = {
			isa = PBXGroup;
			children = (
				66ABEA5D26589C6F006C9FD5 /* engram.app */,
				66ABEA6C26589C72006C9FD5 /* engram WatchKit App.app */,
				66ABEA7826589C73006C9FD5 /* engram WatchKit Extension.appex */,
				666F9D9526A4FEAD007E8796 /* widgetExtension.appex */,
				66F9768626B6DF44008E78B7 /* Send to engram.appex */,
			);
			name = Products;
			sourceTree = "<group>";
		};
		66ABEA5F26589C6F006C9FD5 /* engram */ = {
			isa = PBXGroup;
			children = (
				665D970E267F9CFA00B4B549 /* Note.swift */,
				66F0709E266019CB006E767B /* engramDebug.entitlements */,
				66E59155265999BD00E38067 /* Assets.xcassets */,
				66E5915426598B0C00E38067 /* engram.entitlements */,
				66BD394E26935F4C0073D52D /* engram.xcdatamodeld */,
				66ABEA6026589C6F006C9FD5 /* engramApp.swift */,
				66ABEA6226589C6F006C9FD5 /* ContentView.swift */,
				66ABEA6926589C72006C9FD5 /* Info.plist */,
				66ABEA6626589C72006C9FD5 /* Preview Content */,
				66E5911E2658A58600E38067 /* NoteListItem.swift */,
				66E591202658C30F00E38067 /* NoteListView.swift */,
				66E591592659A23C00E38067 /* CheckboxToggleStyle.swift */,
				665D9713267FA24D00B4B549 /* DailyViewModel.swift */,
				665D9716267FA98300B4B549 /* DailyScreen.swift */,
				665D971A267FC65300B4B549 /* LoginScreen.swift */,
				665D971D267FC96E00B4B549 /* LoginViewModel.swift */,
				6689D59526840CD200F5DD2B /* MainView.swift */,
				666DB8A72686C6E5008DD7BC /* CKDailyViewModel.swift */,
				6620D2CB268F64D700282E2C /* Persistence.swift */,
				6620D2D0268F67BD00282E2C /* CDDailyViewModel.swift */,
				6641569A269A096000B063D5 /* SettingsScreen.swift */,
				6641569E269A39DB00B063D5 /* NoteApi.swift */,
				666F9DAA26A50C2B007E8796 /* AppGroup.swift */,
			);
			path = engram;
			sourceTree = "<group>";
		};
		66ABEA6626589C72006C9FD5 /* Preview Content */ = {
			isa = PBXGroup;
			children = (
				66ABEA6726589C72006C9FD5 /* Preview Assets.xcassets */,
			);
			path = "Preview Content";
			sourceTree = "<group>";
		};
		66ABEA7026589C72006C9FD5 /* engram WatchKit App */ = {
			isa = PBXGroup;
			children = (
				6654B6DF2681561500E590DC /* engram WatchKit App.entitlements */,
				66ABEA7126589C73006C9FD5 /* Assets.xcassets */,
				66ABEA7326589C73006C9FD5 /* Info.plist */,
			);
			path = "engram WatchKit App";
			sourceTree = "<group>";
		};
		66ABEA7C26589C73006C9FD5 /* engram WatchKit Extension */ = {
			isa = PBXGroup;
			children = (
				660120EB26811B2200D7D4ED /* engram WatchKit Extension.entitlements */,
				66E591222659787900E38067 /* engram WatchKit ExtensionDebug.entitlements */,
				66ABEA7D26589C73006C9FD5 /* engramApp.swift */,
				66ABEA7F26589C73006C9FD5 /* ContentView.swift */,
				66ABEA8126589C73006C9FD5 /* NotificationController.swift */,
				66ABEA8326589C73006C9FD5 /* NotificationView.swift */,
				66ABEA8526589C73006C9FD5 /* ComplicationController.swift */,
				66ABEA8726589C74006C9FD5 /* Assets.xcassets */,
				66ABEA8C26589C74006C9FD5 /* Info.plist */,
				66ABEA8D26589C74006C9FD5 /* PushNotificationPayload.apns */,
				66ABEA8926589C74006C9FD5 /* Preview Content */,
				66E59162265B2B7700E38067 /* ComplicationViews.swift */,
				660120EC268122E000D7D4ED /* LoginView.swift */,
				66FC799A26816046005AE4DD /* DailyView.swift */,
			);
			path = "engram WatchKit Extension";
			sourceTree = "<group>";
		};
		66ABEA8926589C74006C9FD5 /* Preview Content */ = {
			isa = PBXGroup;
			children = (
				66ABEA8A26589C74006C9FD5 /* Preview Assets.xcassets */,
			);
			path = "Preview Content";
			sourceTree = "<group>";
		};
		66E591232659787C00E38067 /* Frameworks */ = {
			isa = PBXGroup;
			children = (
				66E591272659788A00E38067 /* CloudKit.framework */,
				66E591242659787C00E38067 /* CloudKit.framework */,
				90B7F836578CD2E385E4E26C /* Pods_engram.framework */,
				9AC5F774F8530BDD6CD732AD /* Pods_engram_WatchKit_App.framework */,
				93B26201B82098AA16082343 /* Pods_engram_WatchKit_Extension.framework */,
				666F9D9626A4FEAD007E8796 /* WidgetKit.framework */,
				666F9D9826A4FEAD007E8796 /* SwiftUI.framework */,
				D1539DBDEB50300C1C098363 /* Pods_Send_to_engram.framework */,
			);
			name = Frameworks;
			sourceTree = "<group>";
		};
		66F9768726B6DF45008E78B7 /* Send to engram */ = {
			isa = PBXGroup;
			children = (
				66F9768826B6DF45008E78B7 /* ShareViewController.swift */,
				66F9768A26B6DF45008E78B7 /* MainInterface.storyboard */,
				66F9768D26B6DF45008E78B7 /* Info.plist */,
			);
			path = "Send to engram";
			sourceTree = "<group>";
		};
		D2734189A952296D8B08FD80 /* Pods */ = {
			isa = PBXGroup;
			children = (
				C8220EC11461B4023E365790 /* Pods-engram.debug.xcconfig */,
				0E8CFF9F882DA1E721F420C1 /* Pods-engram.release.xcconfig */,
				E06D2128427F86E1B91CD3B8 /* Pods-engram WatchKit App.debug.xcconfig */,
				7139AB58E4B13D003DE6CBEA /* Pods-engram WatchKit App.release.xcconfig */,
				C2AB2A7231E056C72126EF27 /* Pods-engram WatchKit Extension.debug.xcconfig */,
				13320BA5F47EDA434C2EB695 /* Pods-engram WatchKit Extension.release.xcconfig */,
				2E0FEBD4E443EF56A52688BE /* Pods-Send to engram.debug.xcconfig */,
				2A476A73C5E2A8B1C1B9C314 /* Pods-Send to engram.release.xcconfig */,
			);
			path = Pods;
			sourceTree = "<group>";
		};
/* End PBXGroup section */

/* Begin PBXNativeTarget section */
		666F9D9426A4FEAD007E8796 /* widgetExtension */ = {
			isa = PBXNativeTarget;
			buildConfigurationList = 666F9DA926A4FEB0007E8796 /* Build configuration list for PBXNativeTarget "widgetExtension" */;
			buildPhases = (
				666F9D9126A4FEAD007E8796 /* Sources */,
				666F9D9226A4FEAD007E8796 /* Frameworks */,
				666F9D9326A4FEAD007E8796 /* Resources */,
			);
			buildRules = (
			);
			dependencies = (
			);
			name = widgetExtension;
			productName = widgetExtension;
			productReference = 666F9D9526A4FEAD007E8796 /* widgetExtension.appex */;
			productType = "com.apple.product-type.app-extension";
		};
		66ABEA5C26589C6F006C9FD5 /* engram */ = {
			isa = PBXNativeTarget;
			buildConfigurationList = 66ABEA9826589C74006C9FD5 /* Build configuration list for PBXNativeTarget "engram" */;
			buildPhases = (
				1E9B07449652F855FD5B711C /* [CP] Check Pods Manifest.lock */,
				66ABEA5926589C6F006C9FD5 /* Sources */,
				66ABEA5A26589C6F006C9FD5 /* Frameworks */,
				66ABEA5B26589C6F006C9FD5 /* Resources */,
				66ABEA9726589C74006C9FD5 /* Embed Watch Content */,
				6685515D268116D000086094 /* Embed App Extensions */,
				D84F90B26AC4385CF8559772 /* [CP] Embed Pods Frameworks */,
			);
			buildRules = (
			);
			dependencies = (
				66ABEA6F26589C72006C9FD5 /* PBXTargetDependency */,
				666F9DA426A4FEB0007E8796 /* PBXTargetDependency */,
				66F9768F26B6DF45008E78B7 /* PBXTargetDependency */,
			);
			name = engram;
			productName = engram;
			productReference = 66ABEA5D26589C6F006C9FD5 /* engram.app */;
			productType = "com.apple.product-type.application";
		};
		66ABEA6B26589C72006C9FD5 /* engram WatchKit App */ = {
			isa = PBXNativeTarget;
			buildConfigurationList = 66ABEA9426589C74006C9FD5 /* Build configuration list for PBXNativeTarget "engram WatchKit App" */;
			buildPhases = (
				C327C431CCFB158055A862DB /* [CP] Check Pods Manifest.lock */,
				66ABEA6A26589C72006C9FD5 /* Resources */,
				66ABEA9326589C74006C9FD5 /* Embed App Extensions */,
				3D6528C9713F2F2CB79DF208 /* Frameworks */,
			);
			buildRules = (
			);
			dependencies = (
				66ABEA7B26589C73006C9FD5 /* PBXTargetDependency */,
			);
			name = "engram WatchKit App";
			productName = "engram WatchKit App";
			productReference = 66ABEA6C26589C72006C9FD5 /* engram WatchKit App.app */;
			productType = "com.apple.product-type.application.watchapp2";
		};
		66ABEA7726589C73006C9FD5 /* engram WatchKit Extension */ = {
			isa = PBXNativeTarget;
			buildConfigurationList = 66ABEA9026589C74006C9FD5 /* Build configuration list for PBXNativeTarget "engram WatchKit Extension" */;
			buildPhases = (
				63E57BAFDF5B231588216ACD /* [CP] Check Pods Manifest.lock */,
				66ABEA7426589C73006C9FD5 /* Sources */,
				66ABEA7526589C73006C9FD5 /* Frameworks */,
				66ABEA7626589C73006C9FD5 /* Resources */,
				91C82F8E5342983EB5C8E4AE /* [CP] Embed Pods Frameworks */,
			);
			buildRules = (
			);
			dependencies = (
			);
			name = "engram WatchKit Extension";
			productName = "engram WatchKit Extension";
			productReference = 66ABEA7826589C73006C9FD5 /* engram WatchKit Extension.appex */;
			productType = "com.apple.product-type.watchkit2-extension";
		};
		66F9768526B6DF44008E78B7 /* Send to engram */ = {
			isa = PBXNativeTarget;
			buildConfigurationList = 66F9769126B6DF45008E78B7 /* Build configuration list for PBXNativeTarget "Send to engram" */;
			buildPhases = (
				1482B259586504D1910635C4 /* [CP] Check Pods Manifest.lock */,
				66F9768226B6DF44008E78B7 /* Sources */,
				66F9768326B6DF44008E78B7 /* Frameworks */,
				66F9768426B6DF44008E78B7 /* Resources */,
			);
			buildRules = (
			);
			dependencies = (
			);
			name = "Send to engram";
			productName = "Send to engram";
			productReference = 66F9768626B6DF44008E78B7 /* Send to engram.appex */;
			productType = "com.apple.product-type.app-extension";
		};
/* End PBXNativeTarget section */

/* Begin PBXProject section */
		66ABEA5526589C6E006C9FD5 /* Project object */ = {
			isa = PBXProject;
			attributes = {
				LastSwiftUpdateCheck = 1250;
				LastUpgradeCheck = 1250;
				TargetAttributes = {
					666F9D9426A4FEAD007E8796 = {
						CreatedOnToolsVersion = 13.0;
					};
					66ABEA5C26589C6F006C9FD5 = {
						CreatedOnToolsVersion = 12.5;
					};
					66ABEA6B26589C72006C9FD5 = {
						CreatedOnToolsVersion = 12.5;
						LastSwiftMigration = 1250;
					};
					66ABEA7726589C73006C9FD5 = {
						CreatedOnToolsVersion = 12.5;
					};
					66F9768526B6DF44008E78B7 = {
						CreatedOnToolsVersion = 12.5.1;
					};
				};
			};
			buildConfigurationList = 66ABEA5826589C6E006C9FD5 /* Build configuration list for PBXProject "engram" */;
			compatibilityVersion = "Xcode 9.3";
			developmentRegion = en;
			hasScannedForEncodings = 0;
			knownRegions = (
				en,
				Base,
			);
			mainGroup = 66ABEA5426589C6E006C9FD5;
			productRefGroup = 66ABEA5E26589C6F006C9FD5 /* Products */;
			projectDirPath = "";
			projectRoot = "";
			targets = (
				66ABEA5C26589C6F006C9FD5 /* engram */,
				66ABEA6B26589C72006C9FD5 /* engram WatchKit App */,
				66ABEA7726589C73006C9FD5 /* engram WatchKit Extension */,
				666F9D9426A4FEAD007E8796 /* widgetExtension */,
				66F9768526B6DF44008E78B7 /* Send to engram */,
			);
		};
/* End PBXProject section */

/* Begin PBXResourcesBuildPhase section */
		666F9D9326A4FEAD007E8796 /* Resources */ = {
			isa = PBXResourcesBuildPhase;
			buildActionMask = 2147483647;
			files = (
				666F9D9F26A4FEB0007E8796 /* Assets.xcassets in Resources */,
			);
			runOnlyForDeploymentPostprocessing = 0;
		};
		66ABEA5B26589C6F006C9FD5 /* Resources */ = {
			isa = PBXResourcesBuildPhase;
			buildActionMask = 2147483647;
			files = (
				66E59156265999BD00E38067 /* Assets.xcassets in Resources */,
				66ABEA6826589C72006C9FD5 /* Preview Assets.xcassets in Resources */,
			);
			runOnlyForDeploymentPostprocessing = 0;
		};
		66ABEA6A26589C72006C9FD5 /* Resources */ = {
			isa = PBXResourcesBuildPhase;
			buildActionMask = 2147483647;
			files = (
				66E59157265999BD00E38067 /* Assets.xcassets in Resources */,
				66ABEA7226589C73006C9FD5 /* Assets.xcassets in Resources */,
			);
			runOnlyForDeploymentPostprocessing = 0;
		};
		66ABEA7626589C73006C9FD5 /* Resources */ = {
			isa = PBXResourcesBuildPhase;
			buildActionMask = 2147483647;
			files = (
				66ABEA8B26589C74006C9FD5 /* Preview Assets.xcassets in Resources */,
				66E59158265999BD00E38067 /* Assets.xcassets in Resources */,
				66ABEA8826589C74006C9FD5 /* Assets.xcassets in Resources */,
			);
			runOnlyForDeploymentPostprocessing = 0;
		};
		66F9768426B6DF44008E78B7 /* Resources */ = {
			isa = PBXResourcesBuildPhase;
			buildActionMask = 2147483647;
			files = (
				66F9768C26B6DF45008E78B7 /* MainInterface.storyboard in Resources */,
			);
			runOnlyForDeploymentPostprocessing = 0;
		};
/* End PBXResourcesBuildPhase section */

/* Begin PBXShellScriptBuildPhase section */
		1482B259586504D1910635C4 /* [CP] Check Pods Manifest.lock */ = {
			isa = PBXShellScriptBuildPhase;
			buildActionMask = 2147483647;
			files = (
			);
			inputFileListPaths = (
			);
			inputPaths = (
				"${PODS_PODFILE_DIR_PATH}/Podfile.lock",
				"${PODS_ROOT}/Manifest.lock",
			);
			name = "[CP] Check Pods Manifest.lock";
			outputFileListPaths = (
			);
			outputPaths = (
				"$(DERIVED_FILE_DIR)/Pods-Send to engram-checkManifestLockResult.txt",
			);
			runOnlyForDeploymentPostprocessing = 0;
			shellPath = /bin/sh;
			shellScript = "diff \"${PODS_PODFILE_DIR_PATH}/Podfile.lock\" \"${PODS_ROOT}/Manifest.lock\" > /dev/null\nif [ $? != 0 ] ; then\n    # print error to STDERR\n    echo \"error: The sandbox is not in sync with the Podfile.lock. Run 'pod install' or update your CocoaPods installation.\" >&2\n    exit 1\nfi\n# This output is used by Xcode 'outputs' to avoid re-running this script phase.\necho \"SUCCESS\" > \"${SCRIPT_OUTPUT_FILE_0}\"\n";
			showEnvVarsInLog = 0;
		};
		1E9B07449652F855FD5B711C /* [CP] Check Pods Manifest.lock */ = {
			isa = PBXShellScriptBuildPhase;
			buildActionMask = 2147483647;
			files = (
			);
			inputFileListPaths = (
			);
			inputPaths = (
				"${PODS_PODFILE_DIR_PATH}/Podfile.lock",
				"${PODS_ROOT}/Manifest.lock",
			);
			name = "[CP] Check Pods Manifest.lock";
			outputFileListPaths = (
			);
			outputPaths = (
				"$(DERIVED_FILE_DIR)/Pods-engram-checkManifestLockResult.txt",
			);
			runOnlyForDeploymentPostprocessing = 0;
			shellPath = /bin/sh;
			shellScript = "diff \"${PODS_PODFILE_DIR_PATH}/Podfile.lock\" \"${PODS_ROOT}/Manifest.lock\" > /dev/null\nif [ $? != 0 ] ; then\n    # print error to STDERR\n    echo \"error: The sandbox is not in sync with the Podfile.lock. Run 'pod install' or update your CocoaPods installation.\" >&2\n    exit 1\nfi\n# This output is used by Xcode 'outputs' to avoid re-running this script phase.\necho \"SUCCESS\" > \"${SCRIPT_OUTPUT_FILE_0}\"\n";
			showEnvVarsInLog = 0;
		};
		63E57BAFDF5B231588216ACD /* [CP] Check Pods Manifest.lock */ = {
			isa = PBXShellScriptBuildPhase;
			buildActionMask = 2147483647;
			files = (
			);
			inputFileListPaths = (
			);
			inputPaths = (
				"${PODS_PODFILE_DIR_PATH}/Podfile.lock",
				"${PODS_ROOT}/Manifest.lock",
			);
			name = "[CP] Check Pods Manifest.lock";
			outputFileListPaths = (
			);
			outputPaths = (
				"$(DERIVED_FILE_DIR)/Pods-engram WatchKit Extension-checkManifestLockResult.txt",
			);
			runOnlyForDeploymentPostprocessing = 0;
			shellPath = /bin/sh;
			shellScript = "diff \"${PODS_PODFILE_DIR_PATH}/Podfile.lock\" \"${PODS_ROOT}/Manifest.lock\" > /dev/null\nif [ $? != 0 ] ; then\n    # print error to STDERR\n    echo \"error: The sandbox is not in sync with the Podfile.lock. Run 'pod install' or update your CocoaPods installation.\" >&2\n    exit 1\nfi\n# This output is used by Xcode 'outputs' to avoid re-running this script phase.\necho \"SUCCESS\" > \"${SCRIPT_OUTPUT_FILE_0}\"\n";
			showEnvVarsInLog = 0;
		};
		91C82F8E5342983EB5C8E4AE /* [CP] Embed Pods Frameworks */ = {
			isa = PBXShellScriptBuildPhase;
			buildActionMask = 2147483647;
			files = (
			);
			inputFileListPaths = (
				"${PODS_ROOT}/Target Support Files/Pods-engram WatchKit Extension/Pods-engram WatchKit Extension-frameworks-${CONFIGURATION}-input-files.xcfilelist",
			);
			name = "[CP] Embed Pods Frameworks";
			outputFileListPaths = (
				"${PODS_ROOT}/Target Support Files/Pods-engram WatchKit Extension/Pods-engram WatchKit Extension-frameworks-${CONFIGURATION}-output-files.xcfilelist",
			);
			runOnlyForDeploymentPostprocessing = 0;
			shellPath = /bin/sh;
			shellScript = "\"${PODS_ROOT}/Target Support Files/Pods-engram WatchKit Extension/Pods-engram WatchKit Extension-frameworks.sh\"\n";
			showEnvVarsInLog = 0;
		};
		C327C431CCFB158055A862DB /* [CP] Check Pods Manifest.lock */ = {
			isa = PBXShellScriptBuildPhase;
			buildActionMask = 2147483647;
			files = (
			);
			inputFileListPaths = (
			);
			inputPaths = (
				"${PODS_PODFILE_DIR_PATH}/Podfile.lock",
				"${PODS_ROOT}/Manifest.lock",
			);
			name = "[CP] Check Pods Manifest.lock";
			outputFileListPaths = (
			);
			outputPaths = (
				"$(DERIVED_FILE_DIR)/Pods-engram WatchKit App-checkManifestLockResult.txt",
			);
			runOnlyForDeploymentPostprocessing = 0;
			shellPath = /bin/sh;
			shellScript = "diff \"${PODS_PODFILE_DIR_PATH}/Podfile.lock\" \"${PODS_ROOT}/Manifest.lock\" > /dev/null\nif [ $? != 0 ] ; then\n    # print error to STDERR\n    echo \"error: The sandbox is not in sync with the Podfile.lock. Run 'pod install' or update your CocoaPods installation.\" >&2\n    exit 1\nfi\n# This output is used by Xcode 'outputs' to avoid re-running this script phase.\necho \"SUCCESS\" > \"${SCRIPT_OUTPUT_FILE_0}\"\n";
			showEnvVarsInLog = 0;
		};
		D84F90B26AC4385CF8559772 /* [CP] Embed Pods Frameworks */ = {
			isa = PBXShellScriptBuildPhase;
			buildActionMask = 2147483647;
			files = (
			);
			inputFileListPaths = (
				"${PODS_ROOT}/Target Support Files/Pods-engram/Pods-engram-frameworks-${CONFIGURATION}-input-files.xcfilelist",
			);
			name = "[CP] Embed Pods Frameworks";
			outputFileListPaths = (
				"${PODS_ROOT}/Target Support Files/Pods-engram/Pods-engram-frameworks-${CONFIGURATION}-output-files.xcfilelist",
			);
			runOnlyForDeploymentPostprocessing = 0;
			shellPath = /bin/sh;
			shellScript = "\"${PODS_ROOT}/Target Support Files/Pods-engram/Pods-engram-frameworks.sh\"\n";
			showEnvVarsInLog = 0;
		};
/* End PBXShellScriptBuildPhase section */

/* Begin PBXSourcesBuildPhase section */
		666F9D9126A4FEAD007E8796 /* Sources */ = {
			isa = PBXSourcesBuildPhase;
			buildActionMask = 2147483647;
			files = (
				666F9DAF26A50DF2007E8796 /* engram.xcdatamodeld in Sources */,
				666F9DA126A4FEB0007E8796 /* widget.intentdefinition in Sources */,
				666F9DB126A50E1E007E8796 /* Note.swift in Sources */,
				666F9DAD26A50CED007E8796 /* AppGroup.swift in Sources */,
				666F9DB026A50E12007E8796 /* Persistence.swift in Sources */,
				666F9D9C26A4FEAD007E8796 /* widget.swift in Sources */,
			);
			runOnlyForDeploymentPostprocessing = 0;
		};
		66ABEA5926589C6F006C9FD5 /* Sources */ = {
			isa = PBXSourcesBuildPhase;
			buildActionMask = 2147483647;
			files = (
				6620D2CC268F64D700282E2C /* Persistence.swift in Sources */,
				66ABEA6326589C6F006C9FD5 /* ContentView.swift in Sources */,
				666F9DA226A4FEB0007E8796 /* widget.intentdefinition in Sources */,
				6689D59626840CD200F5DD2B /* MainView.swift in Sources */,
				66ABEA6126589C6F006C9FD5 /* engramApp.swift in Sources */,
				665D9711267FA08600B4B549 /* Note.swift in Sources */,
				66F9768126B6DED4008E78B7 /* ShareViewController.swift in Sources */,
				6641569F269A39DC00B063D5 /* NoteApi.swift in Sources */,
				66E5911F2658A58600E38067 /* NoteListItem.swift in Sources */,
				6620D2D1268F67BD00282E2C /* CDDailyViewModel.swift in Sources */,
				6641569B269A096100B063D5 /* SettingsScreen.swift in Sources */,
				6641569D269A21D900B063D5 /* LoginViewModel.swift in Sources */,
				66E591212658C30F00E38067 /* NoteListView.swift in Sources */,
				66E5915A2659A23D00E38067 /* CheckboxToggleStyle.swift in Sources */,
				666F9DAB26A50C2B007E8796 /* AppGroup.swift in Sources */,
				6641569C269A1F5700B063D5 /* LoginScreen.swift in Sources */,
				665D9717267FA98300B4B549 /* DailyScreen.swift in Sources */,
				66BD395026935F4C0073D52D /* engram.xcdatamodeld in Sources */,
			);
			runOnlyForDeploymentPostprocessing = 0;
		};
		66ABEA7426589C73006C9FD5 /* Sources */ = {
			isa = PBXSourcesBuildPhase;
			buildActionMask = 2147483647;
			files = (
				66FC799B26816046005AE4DD /* DailyView.swift in Sources */,
				66ABEA8226589C73006C9FD5 /* NotificationController.swift in Sources */,
				66BD3953269374CB0073D52D /* engram.xcdatamodeld in Sources */,
				66ABEA8026589C73006C9FD5 /* ContentView.swift in Sources */,
				66ABEA8626589C73006C9FD5 /* ComplicationController.swift in Sources */,
				664156A3269A60D800B063D5 /* LoginScreen.swift in Sources */,
				665D9712267FA08A00B4B549 /* Note.swift in Sources */,
				664156A1269A5BE100B063D5 /* LoginViewModel.swift in Sources */,
				66E59163265B2B7700E38067 /* ComplicationViews.swift in Sources */,
				666F9DAC26A50CEC007E8796 /* AppGroup.swift in Sources */,
				664156A0269A3ED600B063D5 /* NoteApi.swift in Sources */,
				66BD3951269374740073D52D /* CDDailyViewModel.swift in Sources */,
				66ABEA7E26589C73006C9FD5 /* engramApp.swift in Sources */,
				66E5915B2659A23D00E38067 /* CheckboxToggleStyle.swift in Sources */,
				66BD3952269374BD0073D52D /* Persistence.swift in Sources */,
				664156A2269A60CD00B063D5 /* SettingsScreen.swift in Sources */,
				66ABEA8426589C73006C9FD5 /* NotificationView.swift in Sources */,
			);
			runOnlyForDeploymentPostprocessing = 0;
		};
		66F9768226B6DF44008E78B7 /* Sources */ = {
			isa = PBXSourcesBuildPhase;
			buildActionMask = 2147483647;
			files = (
				66F9768926B6DF45008E78B7 /* ShareViewController.swift in Sources */,
				66F9769626B6DFC9008E78B7 /* engram.xcdatamodeld in Sources */,
				66F9769926B6E11D008E78B7 /* Note.swift in Sources */,
				66F9769826B6E0B0008E78B7 /* LoginViewModel.swift in Sources */,
				66F9769526B6DFBF008E78B7 /* AppGroup.swift in Sources */,
				66F9769726B6E0AA008E78B7 /* NoteApi.swift in Sources */,
				66F9769426B6DF86008E78B7 /* Persistence.swift in Sources */,
			);
			runOnlyForDeploymentPostprocessing = 0;
		};
/* End PBXSourcesBuildPhase section */

/* Begin PBXTargetDependency section */
		666F9DA426A4FEB0007E8796 /* PBXTargetDependency */ = {
			isa = PBXTargetDependency;
			target = 666F9D9426A4FEAD007E8796 /* widgetExtension */;
			targetProxy = 666F9DA326A4FEB0007E8796 /* PBXContainerItemProxy */;
		};
		66ABEA6F26589C72006C9FD5 /* PBXTargetDependency */ = {
			isa = PBXTargetDependency;
			platformFilter = ios;
			target = 66ABEA6B26589C72006C9FD5 /* engram WatchKit App */;
			targetProxy = 66ABEA6E26589C72006C9FD5 /* PBXContainerItemProxy */;
		};
		66ABEA7B26589C73006C9FD5 /* PBXTargetDependency */ = {
			isa = PBXTargetDependency;
			target = 66ABEA7726589C73006C9FD5 /* engram WatchKit Extension */;
			targetProxy = 66ABEA7A26589C73006C9FD5 /* PBXContainerItemProxy */;
		};
		66F9768F26B6DF45008E78B7 /* PBXTargetDependency */ = {
			isa = PBXTargetDependency;
			target = 66F9768526B6DF44008E78B7 /* Send to engram */;
			targetProxy = 66F9768E26B6DF45008E78B7 /* PBXContainerItemProxy */;
		};
/* End PBXTargetDependency section */

/* Begin PBXVariantGroup section */
		66855152268116D000086094 /* MainInterface.storyboard */ = {
			isa = PBXVariantGroup;
			children = (
				66855153268116D000086094 /* Base */,
			);
			name = MainInterface.storyboard;
			sourceTree = "<group>";
		};
		66F9768A26B6DF45008E78B7 /* MainInterface.storyboard */ = {
			isa = PBXVariantGroup;
			children = (
				66F9768B26B6DF45008E78B7 /* Base */,
			);
			name = MainInterface.storyboard;
			sourceTree = "<group>";
		};
/* End PBXVariantGroup section */

/* Begin XCBuildConfiguration section */
		666F9DA726A4FEB0007E8796 /* Debug */ = {
			isa = XCBuildConfiguration;
			buildSettings = {
				ASSETCATALOG_COMPILER_GLOBAL_ACCENT_COLOR_NAME = AccentColor;
				ASSETCATALOG_COMPILER_WIDGET_BACKGROUND_COLOR_NAME = WidgetBackground;
				CODE_SIGN_ENTITLEMENTS = widgetExtension.entitlements;
				CODE_SIGN_STYLE = Automatic;
				CURRENT_PROJECT_VERSION = 1;
				DEVELOPMENT_TEAM = V3T29AUKGC;
				GENERATE_INFOPLIST_FILE = YES;
				INFOPLIST_FILE = widget/Info.plist;
				INFOPLIST_KEY_CFBundleDisplayName = widget;
				INFOPLIST_KEY_CFBundleExecutable = widgetExtension;
				INFOPLIST_KEY_CFBundleName = widgetExtension;
				INFOPLIST_KEY_CFBundleVersion = 1;
				INFOPLIST_KEY_NSHumanReadableCopyright = "";
				IPHONEOS_DEPLOYMENT_TARGET = 14.5;
				LD_RUNPATH_SEARCH_PATHS = (
					"$(inherited)",
					"@executable_path/Frameworks",
					"@executable_path/../../Frameworks",
				);
				MARKETING_VERSION = 1.5.4;
				PRODUCT_BUNDLE_IDENTIFIER = com.xyzdigital.engram.widget;
				PRODUCT_NAME = "$(TARGET_NAME)";
				SDKROOT = iphoneos;
				SKIP_INSTALL = YES;
				SUPPORTS_MACCATALYST = YES;
				SWIFT_EMIT_LOC_STRINGS = YES;
				SWIFT_VERSION = 5.0;
				TARGETED_DEVICE_FAMILY = "1,2";
			};
			name = Debug;
		};
		666F9DA826A4FEB0007E8796 /* Release */ = {
			isa = XCBuildConfiguration;
			buildSettings = {
				ASSETCATALOG_COMPILER_GLOBAL_ACCENT_COLOR_NAME = AccentColor;
				ASSETCATALOG_COMPILER_WIDGET_BACKGROUND_COLOR_NAME = WidgetBackground;
				CODE_SIGN_ENTITLEMENTS = widgetExtension.entitlements;
				CODE_SIGN_STYLE = Automatic;
				CURRENT_PROJECT_VERSION = 1;
				DEVELOPMENT_TEAM = V3T29AUKGC;
				GENERATE_INFOPLIST_FILE = YES;
				INFOPLIST_FILE = widget/Info.plist;
				INFOPLIST_KEY_CFBundleDisplayName = widget;
				INFOPLIST_KEY_CFBundleExecutable = widgetExtension;
				INFOPLIST_KEY_CFBundleName = widgetExtension;
				INFOPLIST_KEY_CFBundleVersion = 1;
				INFOPLIST_KEY_NSHumanReadableCopyright = "";
				IPHONEOS_DEPLOYMENT_TARGET = 14.5;
				LD_RUNPATH_SEARCH_PATHS = (
					"$(inherited)",
					"@executable_path/Frameworks",
					"@executable_path/../../Frameworks",
				);
				MARKETING_VERSION = 1.5.4;
				PRODUCT_BUNDLE_IDENTIFIER = com.xyzdigital.engram.widget;
				PRODUCT_NAME = "$(TARGET_NAME)";
				SDKROOT = iphoneos;
				SKIP_INSTALL = YES;
				SUPPORTS_MACCATALYST = YES;
				SWIFT_EMIT_LOC_STRINGS = YES;
				SWIFT_VERSION = 5.0;
				TARGETED_DEVICE_FAMILY = "1,2";
				VALIDATE_PRODUCT = YES;
			};
			name = Release;
		};
		66ABEA8E26589C74006C9FD5 /* Debug */ = {
			isa = XCBuildConfiguration;
			buildSettings = {
				ALWAYS_SEARCH_USER_PATHS = NO;
				CLANG_ANALYZER_NONNULL = YES;
				CLANG_ANALYZER_NUMBER_OBJECT_CONVERSION = YES_AGGRESSIVE;
				CLANG_CXX_LANGUAGE_STANDARD = "gnu++14";
				CLANG_CXX_LIBRARY = "libc++";
				CLANG_ENABLE_MODULES = YES;
				CLANG_ENABLE_OBJC_ARC = YES;
				CLANG_ENABLE_OBJC_WEAK = YES;
				CLANG_WARN_BLOCK_CAPTURE_AUTORELEASING = YES;
				CLANG_WARN_BOOL_CONVERSION = YES;
				CLANG_WARN_COMMA = YES;
				CLANG_WARN_CONSTANT_CONVERSION = YES;
				CLANG_WARN_DEPRECATED_OBJC_IMPLEMENTATIONS = YES;
				CLANG_WARN_DIRECT_OBJC_ISA_USAGE = YES_ERROR;
				CLANG_WARN_DOCUMENTATION_COMMENTS = YES;
				CLANG_WARN_EMPTY_BODY = YES;
				CLANG_WARN_ENUM_CONVERSION = YES;
				CLANG_WARN_INFINITE_RECURSION = YES;
				CLANG_WARN_INT_CONVERSION = YES;
				CLANG_WARN_NON_LITERAL_NULL_CONVERSION = YES;
				CLANG_WARN_OBJC_IMPLICIT_RETAIN_SELF = YES;
				CLANG_WARN_OBJC_LITERAL_CONVERSION = YES;
				CLANG_WARN_OBJC_ROOT_CLASS = YES_ERROR;
				CLANG_WARN_QUOTED_INCLUDE_IN_FRAMEWORK_HEADER = YES;
				CLANG_WARN_RANGE_LOOP_ANALYSIS = YES;
				CLANG_WARN_STRICT_PROTOTYPES = YES;
				CLANG_WARN_SUSPICIOUS_MOVE = YES;
				CLANG_WARN_UNGUARDED_AVAILABILITY = YES_AGGRESSIVE;
				CLANG_WARN_UNREACHABLE_CODE = YES;
				CLANG_WARN__DUPLICATE_METHOD_MATCH = YES;
				COPY_PHASE_STRIP = NO;
				DEBUG_INFORMATION_FORMAT = dwarf;
				ENABLE_STRICT_OBJC_MSGSEND = YES;
				ENABLE_TESTABILITY = YES;
				GCC_C_LANGUAGE_STANDARD = gnu11;
				GCC_DYNAMIC_NO_PIC = NO;
				GCC_NO_COMMON_BLOCKS = YES;
				GCC_OPTIMIZATION_LEVEL = 0;
				GCC_PREPROCESSOR_DEFINITIONS = (
					"DEBUG=1",
					"$(inherited)",
				);
				GCC_WARN_64_TO_32_BIT_CONVERSION = YES;
				GCC_WARN_ABOUT_RETURN_TYPE = YES_ERROR;
				GCC_WARN_UNDECLARED_SELECTOR = YES;
				GCC_WARN_UNINITIALIZED_AUTOS = YES_AGGRESSIVE;
				GCC_WARN_UNUSED_FUNCTION = YES;
				GCC_WARN_UNUSED_VARIABLE = YES;
				MTL_ENABLE_DEBUG_INFO = INCLUDE_SOURCE;
				MTL_FAST_MATH = YES;
				ONLY_ACTIVE_ARCH = YES;
				SWIFT_ACTIVE_COMPILATION_CONDITIONS = DEBUG;
				SWIFT_OPTIMIZATION_LEVEL = "-Onone";
			};
			name = Debug;
		};
		66ABEA8F26589C74006C9FD5 /* Release */ = {
			isa = XCBuildConfiguration;
			buildSettings = {
				ALWAYS_SEARCH_USER_PATHS = NO;
				CLANG_ANALYZER_NONNULL = YES;
				CLANG_ANALYZER_NUMBER_OBJECT_CONVERSION = YES_AGGRESSIVE;
				CLANG_CXX_LANGUAGE_STANDARD = "gnu++14";
				CLANG_CXX_LIBRARY = "libc++";
				CLANG_ENABLE_MODULES = YES;
				CLANG_ENABLE_OBJC_ARC = YES;
				CLANG_ENABLE_OBJC_WEAK = YES;
				CLANG_WARN_BLOCK_CAPTURE_AUTORELEASING = YES;
				CLANG_WARN_BOOL_CONVERSION = YES;
				CLANG_WARN_COMMA = YES;
				CLANG_WARN_CONSTANT_CONVERSION = YES;
				CLANG_WARN_DEPRECATED_OBJC_IMPLEMENTATIONS = YES;
				CLANG_WARN_DIRECT_OBJC_ISA_USAGE = YES_ERROR;
				CLANG_WARN_DOCUMENTATION_COMMENTS = YES;
				CLANG_WARN_EMPTY_BODY = YES;
				CLANG_WARN_ENUM_CONVERSION = YES;
				CLANG_WARN_INFINITE_RECURSION = YES;
				CLANG_WARN_INT_CONVERSION = YES;
				CLANG_WARN_NON_LITERAL_NULL_CONVERSION = YES;
				CLANG_WARN_OBJC_IMPLICIT_RETAIN_SELF = YES;
				CLANG_WARN_OBJC_LITERAL_CONVERSION = YES;
				CLANG_WARN_OBJC_ROOT_CLASS = YES_ERROR;
				CLANG_WARN_QUOTED_INCLUDE_IN_FRAMEWORK_HEADER = YES;
				CLANG_WARN_RANGE_LOOP_ANALYSIS = YES;
				CLANG_WARN_STRICT_PROTOTYPES = YES;
				CLANG_WARN_SUSPICIOUS_MOVE = YES;
				CLANG_WARN_UNGUARDED_AVAILABILITY = YES_AGGRESSIVE;
				CLANG_WARN_UNREACHABLE_CODE = YES;
				CLANG_WARN__DUPLICATE_METHOD_MATCH = YES;
				COPY_PHASE_STRIP = NO;
				DEBUG_INFORMATION_FORMAT = "dwarf-with-dsym";
				ENABLE_NS_ASSERTIONS = NO;
				ENABLE_STRICT_OBJC_MSGSEND = YES;
				GCC_C_LANGUAGE_STANDARD = gnu11;
				GCC_NO_COMMON_BLOCKS = YES;
				GCC_WARN_64_TO_32_BIT_CONVERSION = YES;
				GCC_WARN_ABOUT_RETURN_TYPE = YES_ERROR;
				GCC_WARN_UNDECLARED_SELECTOR = YES;
				GCC_WARN_UNINITIALIZED_AUTOS = YES_AGGRESSIVE;
				GCC_WARN_UNUSED_FUNCTION = YES;
				GCC_WARN_UNUSED_VARIABLE = YES;
				MTL_ENABLE_DEBUG_INFO = NO;
				MTL_FAST_MATH = YES;
				SWIFT_COMPILATION_MODE = wholemodule;
				SWIFT_OPTIMIZATION_LEVEL = "-O";
			};
			name = Release;
		};
		66ABEA9126589C74006C9FD5 /* Debug */ = {
			isa = XCBuildConfiguration;
			baseConfigurationReference = C2AB2A7231E056C72126EF27 /* Pods-engram WatchKit Extension.debug.xcconfig */;
			buildSettings = {
				ASSETCATALOG_COMPILER_COMPLICATION_NAME = Complication;
				CODE_SIGN_ENTITLEMENTS = "engram WatchKit Extension/engram WatchKit ExtensionDebug.entitlements";
				CODE_SIGN_STYLE = Automatic;
				CURRENT_PROJECT_VERSION = 1;
				DEVELOPMENT_ASSET_PATHS = "\"engram WatchKit Extension/Preview Content\"";
				DEVELOPMENT_TEAM = V3T29AUKGC;
				ENABLE_PREVIEWS = YES;
				INFOPLIST_FILE = "engram WatchKit Extension/Info.plist";
				LD_RUNPATH_SEARCH_PATHS = (
					"$(inherited)",
					"@executable_path/Frameworks",
					"@executable_path/../../Frameworks",
				);
				MARKETING_VERSION = 1.5.4;
				PRODUCT_BUNDLE_IDENTIFIER = com.xyzdigital.engram.watchkitapp.extension;
				PRODUCT_NAME = "${TARGET_NAME}";
				SDKROOT = watchos;
				SKIP_INSTALL = YES;
				SWIFT_VERSION = 5.0;
				TARGETED_DEVICE_FAMILY = 4;
				WATCHOS_DEPLOYMENT_TARGET = 7.3;
			};
			name = Debug;
		};
		66ABEA9226589C74006C9FD5 /* Release */ = {
			isa = XCBuildConfiguration;
			baseConfigurationReference = 13320BA5F47EDA434C2EB695 /* Pods-engram WatchKit Extension.release.xcconfig */;
			buildSettings = {
				ASSETCATALOG_COMPILER_COMPLICATION_NAME = Complication;
				CODE_SIGN_ENTITLEMENTS = "engram WatchKit Extension/engram WatchKit Extension.entitlements";
				CODE_SIGN_STYLE = Automatic;
				CURRENT_PROJECT_VERSION = 1;
				DEVELOPMENT_ASSET_PATHS = "\"engram WatchKit Extension/Preview Content\"";
				DEVELOPMENT_TEAM = V3T29AUKGC;
				ENABLE_PREVIEWS = YES;
				INFOPLIST_FILE = "engram WatchKit Extension/Info.plist";
				LD_RUNPATH_SEARCH_PATHS = (
					"$(inherited)",
					"@executable_path/Frameworks",
					"@executable_path/../../Frameworks",
				);
				MARKETING_VERSION = 1.5.4;
				PRODUCT_BUNDLE_IDENTIFIER = com.xyzdigital.engram.watchkitapp.extension;
				PRODUCT_NAME = "${TARGET_NAME}";
				SDKROOT = watchos;
				SKIP_INSTALL = YES;
				SWIFT_VERSION = 5.0;
				TARGETED_DEVICE_FAMILY = 4;
				VALIDATE_PRODUCT = YES;
				WATCHOS_DEPLOYMENT_TARGET = 7.3;
			};
			name = Release;
		};
		66ABEA9526589C74006C9FD5 /* Debug */ = {
			isa = XCBuildConfiguration;
			baseConfigurationReference = E06D2128427F86E1B91CD3B8 /* Pods-engram WatchKit App.debug.xcconfig */;
			buildSettings = {
				ALWAYS_EMBED_SWIFT_STANDARD_LIBRARIES = YES;
				ASSETCATALOG_COMPILER_APPICON_NAME = AppIcon;
				ASSETCATALOG_COMPILER_GLOBAL_ACCENT_COLOR_NAME = AccentColor;
				CLANG_ENABLE_MODULES = YES;
				CODE_SIGN_ENTITLEMENTS = "engram WatchKit App/engram WatchKit App.entitlements";
				CODE_SIGN_STYLE = Automatic;
				CURRENT_PROJECT_VERSION = 1;
				DEVELOPMENT_TEAM = V3T29AUKGC;
				IBSC_MODULE = engram_WatchKit_Extension;
				INFOPLIST_FILE = "engram WatchKit App/Info.plist";
				LD_RUNPATH_SEARCH_PATHS = (
					"$(inherited)",
					"@executable_path/../Frameworks",
					"@loader_path/../Frameworks",
				);
				MARKETING_VERSION = 1.5.4;
				PRODUCT_BUNDLE_IDENTIFIER = com.xyzdigital.engram.watchkitapp;
				PRODUCT_NAME = "$(TARGET_NAME)";
				SDKROOT = watchos;
				SKIP_INSTALL = YES;
				SWIFT_OPTIMIZATION_LEVEL = "-Onone";
				SWIFT_VERSION = 5.0;
				TARGETED_DEVICE_FAMILY = 4;
				WATCHOS_DEPLOYMENT_TARGET = 7.3;
			};
			name = Debug;
		};
		66ABEA9626589C74006C9FD5 /* Release */ = {
			isa = XCBuildConfiguration;
			baseConfigurationReference = 7139AB58E4B13D003DE6CBEA /* Pods-engram WatchKit App.release.xcconfig */;
			buildSettings = {
				ALWAYS_EMBED_SWIFT_STANDARD_LIBRARIES = YES;
				ASSETCATALOG_COMPILER_APPICON_NAME = AppIcon;
				ASSETCATALOG_COMPILER_GLOBAL_ACCENT_COLOR_NAME = AccentColor;
				CLANG_ENABLE_MODULES = YES;
				CODE_SIGN_ENTITLEMENTS = "engram WatchKit App/engram WatchKit App.entitlements";
				CODE_SIGN_STYLE = Automatic;
				CURRENT_PROJECT_VERSION = 1;
				DEVELOPMENT_TEAM = V3T29AUKGC;
				IBSC_MODULE = engram_WatchKit_Extension;
				INFOPLIST_FILE = "engram WatchKit App/Info.plist";
				LD_RUNPATH_SEARCH_PATHS = (
					"$(inherited)",
					"@executable_path/../Frameworks",
					"@loader_path/../Frameworks",
				);
				MARKETING_VERSION = 1.5.4;
				PRODUCT_BUNDLE_IDENTIFIER = com.xyzdigital.engram.watchkitapp;
				PRODUCT_NAME = "$(TARGET_NAME)";
				SDKROOT = watchos;
				SKIP_INSTALL = YES;
				SWIFT_VERSION = 5.0;
				TARGETED_DEVICE_FAMILY = 4;
				VALIDATE_PRODUCT = YES;
				WATCHOS_DEPLOYMENT_TARGET = 7.3;
			};
			name = Release;
		};
		66ABEA9926589C74006C9FD5 /* Debug */ = {
			isa = XCBuildConfiguration;
			baseConfigurationReference = C8220EC11461B4023E365790 /* Pods-engram.debug.xcconfig */;
			buildSettings = {
				ALWAYS_EMBED_SWIFT_STANDARD_LIBRARIES = YES;
				ASSETCATALOG_COMPILER_APPICON_NAME = AppIcon;
				ASSETCATALOG_COMPILER_GLOBAL_ACCENT_COLOR_NAME = AccentColor;
				CODE_SIGN_ENTITLEMENTS = engram/engramDebug.entitlements;
				CODE_SIGN_STYLE = Automatic;
				CURRENT_PROJECT_VERSION = 1;
				DEVELOPMENT_ASSET_PATHS = "\"engram/Preview Content\"";
				DEVELOPMENT_TEAM = V3T29AUKGC;
				"ENABLE_HARDENED_RUNTIME[sdk=macosx*]" = NO;
				ENABLE_PREVIEWS = YES;
				INFOPLIST_FILE = engram/Info.plist;
				IPHONEOS_DEPLOYMENT_TARGET = 15.0;
				LD_RUNPATH_SEARCH_PATHS = (
					"$(inherited)",
					"@executable_path/Frameworks",
				);
				MARKETING_VERSION = 1.5.4;
				PRODUCT_BUNDLE_IDENTIFIER = com.xyzdigital.engram;
				PRODUCT_NAME = "$(TARGET_NAME)";
				SDKROOT = iphoneos;
				SUPPORTS_MACCATALYST = YES;
				SUPPORTS_MAC_DESIGNED_FOR_IPHONE_IPAD = NO;
				SWIFT_VERSION = 5.0;
				TARGETED_DEVICE_FAMILY = "1,2,6";
			};
			name = Debug;
		};
		66ABEA9A26589C74006C9FD5 /* Release */ = {
			isa = XCBuildConfiguration;
			baseConfigurationReference = 0E8CFF9F882DA1E721F420C1 /* Pods-engram.release.xcconfig */;
			buildSettings = {
				ALWAYS_EMBED_SWIFT_STANDARD_LIBRARIES = YES;
				ASSETCATALOG_COMPILER_APPICON_NAME = AppIcon;
				ASSETCATALOG_COMPILER_GLOBAL_ACCENT_COLOR_NAME = AccentColor;
				CODE_SIGN_ENTITLEMENTS = engram/engram.entitlements;
				CODE_SIGN_STYLE = Automatic;
				CURRENT_PROJECT_VERSION = 1;
				DEVELOPMENT_ASSET_PATHS = "\"engram/Preview Content\"";
				DEVELOPMENT_TEAM = V3T29AUKGC;
				"ENABLE_HARDENED_RUNTIME[sdk=macosx*]" = NO;
				ENABLE_PREVIEWS = YES;
				INFOPLIST_FILE = engram/Info.plist;
				IPHONEOS_DEPLOYMENT_TARGET = 15.0;
				LD_RUNPATH_SEARCH_PATHS = (
					"$(inherited)",
					"@executable_path/Frameworks",
				);
				MARKETING_VERSION = 1.5.4;
				PRODUCT_BUNDLE_IDENTIFIER = com.xyzdigital.engram;
				PRODUCT_NAME = "$(TARGET_NAME)";
				SDKROOT = iphoneos;
				SUPPORTS_MACCATALYST = YES;
				SUPPORTS_MAC_DESIGNED_FOR_IPHONE_IPAD = NO;
				SWIFT_VERSION = 5.0;
				TARGETED_DEVICE_FAMILY = "1,2,6";
				VALIDATE_PRODUCT = YES;
			};
			name = Release;
		};
		66F9769226B6DF45008E78B7 /* Debug */ = {
			isa = XCBuildConfiguration;
			baseConfigurationReference = 2E0FEBD4E443EF56A52688BE /* Pods-Send to engram.debug.xcconfig */;
			buildSettings = {
				CODE_SIGN_ENTITLEMENTS = "Send to engram/Send to engram.entitlements";
				CODE_SIGN_STYLE = Automatic;
				DEVELOPMENT_TEAM = V3T29AUKGC;
				INFOPLIST_FILE = "Send to engram/Info.plist";
				IPHONEOS_DEPLOYMENT_TARGET = 14.5;
				LD_RUNPATH_SEARCH_PATHS = (
					"$(inherited)",
					"@executable_path/Frameworks",
					"@executable_path/../../Frameworks",
				);
				MARKETING_VERSION = 1.5.4;
				PRODUCT_BUNDLE_IDENTIFIER = "com.xyzdigital.engram.Send-to-engram";
				PRODUCT_NAME = "$(TARGET_NAME)";
				SDKROOT = iphoneos;
				SKIP_INSTALL = YES;
				SUPPORTS_MACCATALYST = YES;
				SWIFT_VERSION = 5.0;
				TARGETED_DEVICE_FAMILY = "1,2";
			};
			name = Debug;
		};
		66F9769326B6DF45008E78B7 /* Release */ = {
			isa = XCBuildConfiguration;
			baseConfigurationReference = 2A476A73C5E2A8B1C1B9C314 /* Pods-Send to engram.release.xcconfig */;
			buildSettings = {
				CODE_SIGN_ENTITLEMENTS = "Send to engram/Send to engram.entitlements";
				CODE_SIGN_STYLE = Automatic;
				DEVELOPMENT_TEAM = V3T29AUKGC;
				INFOPLIST_FILE = "Send to engram/Info.plist";
				IPHONEOS_DEPLOYMENT_TARGET = 14.5;
				LD_RUNPATH_SEARCH_PATHS = (
					"$(inherited)",
					"@executable_path/Frameworks",
					"@executable_path/../../Frameworks",
				);
				MARKETING_VERSION = 1.5.4;
				PRODUCT_BUNDLE_IDENTIFIER = "com.xyzdigital.engram.Send-to-engram";
				PRODUCT_NAME = "$(TARGET_NAME)";
				SDKROOT = iphoneos;
				SKIP_INSTALL = YES;
				SUPPORTS_MACCATALYST = YES;
				SWIFT_VERSION = 5.0;
				TARGETED_DEVICE_FAMILY = "1,2";
				VALIDATE_PRODUCT = YES;
			};
			name = Release;
		};
/* End XCBuildConfiguration section */

/* Begin XCConfigurationList section */
		666F9DA926A4FEB0007E8796 /* Build configuration list for PBXNativeTarget "widgetExtension" */ = {
			isa = XCConfigurationList;
			buildConfigurations = (
				666F9DA726A4FEB0007E8796 /* Debug */,
				666F9DA826A4FEB0007E8796 /* Release */,
			);
			defaultConfigurationIsVisible = 0;
			defaultConfigurationName = Release;
		};
		66ABEA5826589C6E006C9FD5 /* Build configuration list for PBXProject "engram" */ = {
			isa = XCConfigurationList;
			buildConfigurations = (
				66ABEA8E26589C74006C9FD5 /* Debug */,
				66ABEA8F26589C74006C9FD5 /* Release */,
			);
			defaultConfigurationIsVisible = 0;
			defaultConfigurationName = Release;
		};
		66ABEA9026589C74006C9FD5 /* Build configuration list for PBXNativeTarget "engram WatchKit Extension" */ = {
			isa = XCConfigurationList;
			buildConfigurations = (
				66ABEA9126589C74006C9FD5 /* Debug */,
				66ABEA9226589C74006C9FD5 /* Release */,
			);
			defaultConfigurationIsVisible = 0;
			defaultConfigurationName = Release;
		};
		66ABEA9426589C74006C9FD5 /* Build configuration list for PBXNativeTarget "engram WatchKit App" */ = {
			isa = XCConfigurationList;
			buildConfigurations = (
				66ABEA9526589C74006C9FD5 /* Debug */,
				66ABEA9626589C74006C9FD5 /* Release */,
			);
			defaultConfigurationIsVisible = 0;
			defaultConfigurationName = Release;
		};
		66ABEA9826589C74006C9FD5 /* Build configuration list for PBXNativeTarget "engram" */ = {
			isa = XCConfigurationList;
			buildConfigurations = (
				66ABEA9926589C74006C9FD5 /* Debug */,
				66ABEA9A26589C74006C9FD5 /* Release */,
			);
			defaultConfigurationIsVisible = 0;
			defaultConfigurationName = Release;
		};
		66F9769126B6DF45008E78B7 /* Build configuration list for PBXNativeTarget "Send to engram" */ = {
			isa = XCConfigurationList;
			buildConfigurations = (
				66F9769226B6DF45008E78B7 /* Debug */,
				66F9769326B6DF45008E78B7 /* Release */,
			);
			defaultConfigurationIsVisible = 0;
			defaultConfigurationName = Release;
		};
/* End XCConfigurationList section */

/* Begin XCVersionGroup section */
		66BD394E26935F4C0073D52D /* engram.xcdatamodeld */ = {
			isa = XCVersionGroup;
			children = (
				66BD394F26935F4C0073D52D /* Model.xcdatamodel */,
			);
			currentVersion = 66BD394F26935F4C0073D52D /* Model.xcdatamodel */;
			path = engram.xcdatamodeld;
			sourceTree = "<group>";
			versionGroupType = wrapper.xcdatamodel;
		};
/* End XCVersionGroup section */
	};
	rootObject = 66ABEA5526589C6E006C9FD5 /* Project object */;
}
